Microsoft Visual Studio Solution File, Format Version 11.00
# Visual Studio 2008

Project("{C2FE9EBC-91B8-8CC9-2743-29B2DADF3B9C}") = "2DGenerateTerrain", "Assembly-CSharp.csproj", "{485DE579-739B-3CCD-C2D2-0D4AFF99DFCA}"
EndProject
Project("{C2FE9EBC-91B8-8CC9-2743-29B2DADF3B9C}") = "2DGenerateTerrain", "Assembly-CSharp-Editor.csproj", "{0D8BA1FF-6BD8-D3AB-9946-FF4A91A5FC5B}"
EndProject
Global
	GlobalSection(SolutionConfigurationPlatforms) = preSolution
		Debug|Any CPU = Debug|Any CPU
		Release|Any CPU = Release|Any CPU
	EndGlobalSection
	GlobalSection(ProjectConfigurationPlatforms) = postSolution
		{485DE579-739B-3CCD-C2D2-0D4AFF99DFCA}.Debug|Any CPU.ActiveCfg = Debug|Any CPU
		{485DE579-739B-3CCD-C2D2-0D4AFF99DFCA}.Debug|Any CPU.Build.0 = Debug|Any CPU
		{485DE579-739B-3CCD-C2D2-0D4AFF99DFCA}.Release|Any CPU.ActiveCfg = Release|Any CPU
		{485DE579-739B-3CCD-C2D2-0D4AFF99DFCA}.Release|Any CPU.Build.0 = Release|Any CPU
		{0D8BA1FF-6BD8-D3AB-9946-FF4A91A5FC5B}.Debug|Any CPU.ActiveCfg = Debug|Any CPU
		{0D8BA1FF-6BD8-D3AB-9946-FF4A91A5FC5B}.Debug|Any CPU.Build.0 = Debug|Any CPU
		{0D8BA1FF-6BD8-D3AB-9946-FF4A91A5FC5B}.Release|Any CPU.ActiveCfg = Release|Any CPU
		{0D8BA1FF-6BD8-D3AB-9946-FF4A91A5FC5B}.Release|Any CPU.Build.0 = Release|Any CPU
	EndGlobalSection
	GlobalSection(SolutionProperties) = preSolution
		HideSolutionNode = FALSE
	EndGlobalSection
			GlobalSection(MonoDevelopProperties) = preSolution
		StartupItem = Assembly-CSharp.csproj
		Policies = $0
		$0.TextStylePolicy = $1
		$1.inheritsSet = null
		$1.scope = text/x-csharp
		$0.CSharpFormattingPolicy = $2
		$2.inheritsSet = Mono
		$2.inheritsScope = text/x-csharp
		$2.scope = text/x-csharp
		$0.TextStylePolicy = $3
		$3.FileWidth = 120
		$3.TabWidth = 4
		$3.IndentWidth = 4
		$3.EolMarker = Unix
		$3.inheritsSet = Mono
		$3.inheritsScope = text/plain
		$3.scope = text/plain
	EndGlobalSection

EndGlobal
